
Microsoft Visual Studio Solution File, Format Version 12.00
# Visual Studio Version 16
VisualStudioVersion = 16.0.29009.5
MinimumVisualStudioVersion = 10.0.40219.1
Project("{FAE04EC0-301F-11D3-BF4B-00C04F79EFBC}") = "Projeto-Xadrex", "Projeto-Xadrex\Projeto-Xadrex.csproj", "{DAC0E622-5093-4718-B5E7-A5741E325633}"
EndProject
Global
	GlobalSection(SolutionConfigurationPlatforms) = preSolution
		Debug|Any CPU = Debug|Any CPU
		Release|Any CPU = Release|Any CPU
	EndGlobalSection
	GlobalSection(ProjectConfigurationPlatforms) = postSolution
		{DAC0E622-5093-4718-B5E7-A5741E325633}.Debug|Any CPU.ActiveCfg = Debug|Any CPU
		{DAC0E622-5093-4718-B5E7-A5741E325633}.Debug|Any CPU.Build.0 = Debug|Any CPU
		{DAC0E622-5093-4718-B5E7-A5741E325633}.Release|Any CPU.ActiveCfg = Release|Any CPU
		{DAC0E622-5093-4718-B5E7-A5741E325633}.Release|Any CPU.Build.0 = Release|Any CPU
	EndGlobalSection
	GlobalSection(SolutionProperties) = preSolution
		HideSolutionNode = FALSE
	EndGlobalSection
	GlobalSection(ExtensibilityGlobals) = postSolution
		SolutionGuid = {B1CE8957-041A-4F15-BD09-A4AE5F8BC0FC}
	EndGlobalSection
EndGlobal
